Microsoft Visual Studio Solution File, Format Version 12.00
# Visual Studio 2012
Project("{FAE04EC0-301F-11D3-BF4B-00C04F79EFBC}") = "Under_Quiet_Skies", "Under_Quiet_Skies.csproj", "{0789EA00-5C0D-4DD7-8754-70D8FB4B0183}"
EndProject
Global
	GlobalSection(SolutionConfigurationPlatforms) = preSolution
	Debug|Any CPU = Debug|Any CPU
	ExportDebug|Any CPU = ExportDebug|Any CPU
	ExportRelease|Any CPU = ExportRelease|Any CPU
	EndGlobalSection
	GlobalSection(ProjectConfigurationPlatforms) = postSolution
		{0789EA00-5C0D-4DD7-8754-70D8FB4B0183}.Debug|Any CPU.ActiveCfg = Debug|Any CPU
		{0789EA00-5C0D-4DD7-8754-70D8FB4B0183}.Debug|Any CPU.Build.0 = Debug|Any CPU
		{0789EA00-5C0D-4DD7-8754-70D8FB4B0183}.ExportDebug|Any CPU.ActiveCfg = ExportDebug|Any CPU
		{0789EA00-5C0D-4DD7-8754-70D8FB4B0183}.ExportDebug|Any CPU.Build.0 = ExportDebug|Any CPU
		{0789EA00-5C0D-4DD7-8754-70D8FB4B0183}.ExportRelease|Any CPU.ActiveCfg = ExportRelease|Any CPU
		{0789EA00-5C0D-4DD7-8754-70D8FB4B0183}.ExportRelease|Any CPU.Build.0 = ExportRelease|Any CPU
	EndGlobalSection
EndGlobal
